
Microsoft Visual Studio Solution File, Format Version 12.00
# Visual Studio 14
VisualStudioVersion = 14.0.25420.1
MinimumVisualStudioVersion = 10.0.40219.1
Project("{FAE04EC0-301F-11D3-BF4B-00C04F79EFBC}") = "Lab6_RyanWall_WebDesign", "Lab6_RyanWall_WebDesign\Lab6_RyanWall_WebDesign.csproj", "{A73E6BCB-5FEA-4856-83AD-FE0AB95530FA}"
EndProject
Project("{FAE04EC0-301F-11D3-BF4B-00C04F79EFBC}") = "UserServiceTest", "UserServiceTest\UserServiceTest.csproj", "{7AFC43A6-CFD8-4A3D-AD1C-D80745773292}"
EndProject
Global
	GlobalSection(SolutionConfigurationPlatforms) = preSolution
		Debug|Any CPU = Debug|Any CPU
		Release|Any CPU = Release|Any CPU
	EndGlobalSection
	GlobalSection(ProjectConfigurationPlatforms) = postSolution
		{A73E6BCB-5FEA-4856-83AD-FE0AB95530FA}.Debug|Any CPU.ActiveCfg = Debug|Any CPU
		{A73E6BCB-5FEA-4856-83AD-FE0AB95530FA}.Debug|Any CPU.Build.0 = Debug|Any CPU
		{A73E6BCB-5FEA-4856-83AD-FE0AB95530FA}.Release|Any CPU.ActiveCfg = Release|Any CPU
		{A73E6BCB-5FEA-4856-83AD-FE0AB95530FA}.Release|Any CPU.Build.0 = Release|Any CPU
		{7AFC43A6-CFD8-4A3D-AD1C-D80745773292}.Debug|Any CPU.ActiveCfg = Debug|Any CPU
		{7AFC43A6-CFD8-4A3D-AD1C-D80745773292}.Debug|Any CPU.Build.0 = Debug|Any CPU
		{7AFC43A6-CFD8-4A3D-AD1C-D80745773292}.Release|Any CPU.ActiveCfg = Release|Any CPU
		{7AFC43A6-CFD8-4A3D-AD1C-D80745773292}.Release|Any CPU.Build.0 = Release|Any CPU
	EndGlobalSection
	GlobalSection(SolutionProperties) = preSolution
		HideSolutionNode = FALSE
	EndGlobalSection
EndGlobal
